
Microsoft Visual Studio Solution File, Format Version 12.00
# Visual Studio Version 16
VisualStudioVersion = 16.0.29905.134
MinimumVisualStudioVersion = 10.0.40219.1
Project("{FAE04EC0-301F-11D3-BF4B-00C04F79EFBC}") = "GuestTheWord", "GuestTheWord\GuestTheWord.csproj", "{750B2C6F-CC8A-4BAF-A016-0747003CF68A}"
EndProject
Global
	GlobalSection(SolutionConfigurationPlatforms) = preSolution
		Debug|Any CPU = Debug|Any CPU
		Release|Any CPU = Release|Any CPU
	EndGlobalSection
	GlobalSection(ProjectConfigurationPlatforms) = postSolution
		{750B2C6F-CC8A-4BAF-A016-0747003CF68A}.Debug|Any CPU.ActiveCfg = Debug|Any CPU
		{750B2C6F-CC8A-4BAF-A016-0747003CF68A}.Debug|Any CPU.Build.0 = Debug|Any CPU
		{750B2C6F-CC8A-4BAF-A016-0747003CF68A}.Release|Any CPU.ActiveCfg = Release|Any CPU
		{750B2C6F-CC8A-4BAF-A016-0747003CF68A}.Release|Any CPU.Build.0 = Release|Any CPU
	EndGlobalSection
	GlobalSection(SolutionProperties) = preSolution
		HideSolutionNode = FALSE
	EndGlobalSection
	GlobalSection(ExtensibilityGlobals) = postSolution
		SolutionGuid = {BBEFDB60-BA88-4B35-81CA-EEAC2E8FC3F8}
	EndGlobalSection
EndGlobal
